{
  "nodes": {
    "crane": {
      "locked": {
        "lastModified": 1745454774,
        "narHash": "sha256-oLvmxOnsEKGtwczxp/CwhrfmQUG2ym24OMWowcoRhH8=",
        "owner": "ipetkov",
        "repo": "crane",
        "rev": "efd36682371678e2b6da3f108fdb5c613b3ec598",
        "type": "github"
      },
      "original": {
        "owner": "ipetkov",
        "repo": "crane",
        "type": "github"
      }
    },
    "flake-compat": {
      "locked": {
        "lastModified": 1733328505,
        "narHash": "sha256-NeCCThCEP3eCl2l/+27kNNK7QrwZB1IJCrXfrbv5oqU=",
        "rev": "ff81ac966bb2cae68946d5ed5fc4994f96d0ffec",
        "revCount": 69,
        "type": "tarball",
        "url": "https://api.flakehub.com/f/pinned/edolstra/flake-compat/1.1.0/01948eb7-9cba-704f-bbf3-3fa956735b52/source.tar.gz"
      },
      "original": {
        "type": "tarball",
        "url": "https://flakehub.com/f/edolstra/flake-compat/1.tar.gz"
      }
    },
    "flake-parts": {
      "inputs": {
        "nixpkgs-lib": "nixpkgs-lib"
      },
      "locked": {
        "lastModified": 1741352980,
        "narHash": "sha256-+u2UunDA4Cl5Fci3m7S643HzKmIDAe+fiXrLqYsR2fs=",
        "owner": "hercules-ci",
        "repo": "flake-parts",
        "rev": "f4330d22f1c5d2ba72d3d22df5597d123fdb60a9",
        "type": "github"
      },
      "original": {
        "owner": "hercules-ci",
        "repo": "flake-parts",
        "rev": "f4330d22f1c5d2ba72d3d22df5597d123fdb60a9",
        "type": "github"
      }
    },
    "flake-utils": {
      "inputs": {
        "systems": "systems"
      },
      "locked": {
        "lastModified": 1731533236,
        "narHash": "sha256-l0KFg5HjrsfsO/JpG+r7fRrqm12kzFHyUHqHCVpMMbI=",
        "owner": "numtide",
        "repo": "flake-utils",
        "rev": "11707dc2f618dd54ca8739b309ec4fc024de578b",
        "type": "github"
      },
      "original": {
        "owner": "numtide",
        "repo": "flake-utils",
        "type": "github"
      }
    },
    "flake-utils_2": {
      "inputs": {
        "systems": "systems_2"
      },
      "locked": {
        "lastModified": 1710146030,
        "narHash": "sha256-SZ5L6eA7HJ/nmkzGG7/ISclqe6oZdOZTNoesiInkXPQ=",
        "owner": "numtide",
        "repo": "flake-utils",
        "rev": "b1d9ab70662946ef0850d488da1c9019f3a9752a",
        "type": "github"
      },
      "original": {
        "owner": "numtide",
        "repo": "flake-utils",
        "type": "github"
      }
    },
    "mkCli": {
      "inputs": {
        "flake-utils": "flake-utils_2",
        "nixpkgs": "nixpkgs"
      },
      "locked": {
        "lastModified": 1722285416,
        "narHash": "sha256-Yb1NV8zVt9gMnlEni8IFLtLhGkqPDYAoZxi7ZxiZq0A=",
        "owner": "cprussin",
        "repo": "mkCli",
        "rev": "983799699e84d2cb428b65b8f628663bfc82fbb2",
        "type": "github"
      },
      "original": {
        "owner": "cprussin",
        "repo": "mkCli",
        "type": "github"
      }
    },
    "nixpkgs": {
      "locked": {
        "lastModified": 1718310279,
        "narHash": "sha256-OfRCrNPMLlElYIUAWIOGAvJ5XDT/WpOXj6Ymfttj6Lk=",
        "owner": "NixOS",
        "repo": "nixpkgs",
        "rev": "5dde575c3c4afb618781387b0db6d1c08a206c92",
        "type": "github"
      },
      "original": {
        "owner": "NixOS",
        "repo": "nixpkgs",
        "type": "github"
      }
    },
    "nixpkgs-lib": {
      "locked": {
        "lastModified": 1740877520,
        "narHash": "sha256-oiwv/ZK/2FhGxrCkQkB83i7GnWXPPLzoqFHpDD3uYpk=",
        "owner": "nix-community",
        "repo": "nixpkgs.lib",
        "rev": "147dee35aab2193b174e4c0868bd80ead5ce755c",
        "type": "github"
      },
      "original": {
        "owner": "nix-community",
        "repo": "nixpkgs.lib",
        "type": "github"
      }
    },
    "nixpkgs_2": {
      "locked": {
        "lastModified": 1753123490,
        "narHash": "sha256-37tPi+tTrFmkHr8xjE8Pu4+SjibIlQic2lnb7xAGqm8=",
        "owner": "NixOS",
        "repo": "nixpkgs",
        "rev": "fbfe976753108820e5af1800604771347467b023",
        "type": "github"
      },
      "original": {
        "owner": "NixOS",
        "repo": "nixpkgs",
        "type": "github"
      }
    },
    "nixpkgs_3": {
      "locked": {
        "lastModified": 1731603435,
        "narHash": "sha256-CqCX4JG7UiHvkrBTpYC3wcEurvbtTADLbo3Ns2CEoL8=",
        "owner": "nixos",
        "repo": "nixpkgs",
        "rev": "8b27c1239e5c421a2bbc2c65d52e4a6fbf2ff296",
        "type": "github"
      },
      "original": {
        "owner": "nixos",
        "repo": "nixpkgs",
        "rev": "8b27c1239e5c421a2bbc2c65d52e4a6fbf2ff296",
        "type": "github"
      }
    },
    "root": {
      "inputs": {
        "flake-utils": "flake-utils",
        "mkCli": "mkCli",
        "nixpkgs": "nixpkgs_2",
        "solana-nix": "solana-nix"
      }
    },
    "rust-overlay": {
      "inputs": {
        "nixpkgs": [
          "solana-nix",
          "nixpkgs"
        ]
      },
      "locked": {
        "lastModified": 1746239644,
        "narHash": "sha256-wMvMBMlpS1H8CQdSSgpLeoCWS67ciEkN/GVCcwk7Apc=",
        "owner": "oxalica",
        "repo": "rust-overlay",
        "rev": "bd32e88bef6da0e021a42fb4120a8df2150e9b8c",
        "type": "github"
      },
      "original": {
        "owner": "oxalica",
        "repo": "rust-overlay",
        "rev": "bd32e88bef6da0e021a42fb4120a8df2150e9b8c",
        "type": "github"
      }
    },
    "solana-nix": {
      "inputs": {
        "crane": "crane",
        "flake-compat": "flake-compat",
        "flake-parts": "flake-parts",
        "nixpkgs": "nixpkgs_3",
        "rust-overlay": "rust-overlay"
      },
      "locked": {
        "lastModified": 1753039485,
        "narHash": "sha256-78Pr4BggRE9yP77ZryAxbMvj3bqMbaY89tUgVyQ8aWc=",
        "owner": "cprussin",
        "repo": "solana-nix",
        "rev": "a35895af09aadea7678bdefa18e54f53ca0e2899",
        "type": "github"
      },
      "original": {
        "owner": "cprussin",
        "repo": "solana-nix",
        "type": "github"
      }
    },
    "systems": {
      "locked": {
        "lastModified": 1681028828,
        "narHash": "sha256-Vy1rq5AaRuLzOxct8nz4T6wlgyUR7zLU309k9mBC768=",
        "owner": "nix-systems",
        "repo": "default",
        "rev": "da67096a3b9bf56a91d16901293e51ba5b49a27e",
        "type": "github"
      },
      "original": {
        "owner": "nix-systems",
        "repo": "default",
        "type": "github"
      }
    },
    "systems_2": {
      "locked": {
        "lastModified": 1681028828,
        "narHash": "sha256-Vy1rq5AaRuLzOxct8nz4T6wlgyUR7zLU309k9mBC768=",
        "owner": "nix-systems",
        "repo": "default",
        "rev": "da67096a3b9bf56a91d16901293e51ba5b49a27e",
        "type": "github"
      },
      "original": {
        "owner": "nix-systems",
        "repo": "default",
        "type": "github"
      }
    }
  },
  "root": "root",
  "version": 7
}
